
Microsoft Visual Studio Solution File, Format Version 12.00
# Visual Studio Version 17
VisualStudioVersion = 17.10.34928.147
MinimumVisualStudioVersion = 10.0.40219.1
Project("{FAE04EC0-301F-11D3-BF4B-00C04F79EFBC}") = "Physics.Atmospherics", "Physics.Atmospherics\Physics.Atmospherics.csproj", "{560C3A07-D1AD-4F2F-91D4-E1D16DE3620F}"
EndProject
Global
	GlobalSection(SolutionConfigurationPlatforms) = preSolution
		Debug|Any CPU = Debug|Any CPU
		Release|Any CPU = Release|Any CPU
	EndGlobalSection
	GlobalSection(ProjectConfigurationPlatforms) = postSolution
		{560C3A07-D1AD-4F2F-91D4-E1D16DE3620F}.Debug|Any CPU.ActiveCfg = Debug|Any CPU
		{560C3A07-D1AD-4F2F-91D4-E1D16DE3620F}.Debug|Any CPU.Build.0 = Debug|Any CPU
		{560C3A07-D1AD-4F2F-91D4-E1D16DE3620F}.Release|Any CPU.ActiveCfg = Release|Any CPU
		{560C3A07-D1AD-4F2F-91D4-E1D16DE3620F}.Release|Any CPU.Build.0 = Release|Any CPU
	EndGlobalSection
	GlobalSection(SolutionProperties) = preSolution
		HideSolutionNode = FALSE
	EndGlobalSection
	GlobalSection(ExtensibilityGlobals) = postSolution
		SolutionGuid = {BD50B97D-FA00-4A31-956A-17BC7C65CD7F}
	EndGlobalSection
EndGlobal
